
Microsoft Visual Studio Solution File, Format Version 12.00
# Visual Studio 15
VisualStudioVersion = 15.0.28307.329
MinimumVisualStudioVersion = 10.0.40219.1
Project("{888888A0-9F3D-457C-B088-3A5042F75D52}") = "FlaskWebProject", "FlaskWebProject.pyproj", "{93E2EADF-77A4-49A2-8AEB-F59819A625FC}"
EndProject
Global
	GlobalSection(SolutionConfigurationPlatforms) = preSolution
		Debug|Any CPU = Debug|Any CPU
		Release|Any CPU = Release|Any CPU
	EndGlobalSection
	GlobalSection(ProjectConfigurationPlatforms) = postSolution
		{93E2EADF-77A4-49A2-8AEB-F59819A625FC}.Debug|Any CPU.ActiveCfg = Debug|Any CPU
		{93E2EADF-77A4-49A2-8AEB-F59819A625FC}.Debug|Any CPU.Build.0 = Debug|Any CPU
		{93E2EADF-77A4-49A2-8AEB-F59819A625FC}.Release|Any CPU.ActiveCfg = Release|Any CPU
		{93E2EADF-77A4-49A2-8AEB-F59819A625FC}.Release|Any CPU.Build.0 = Release|Any CPU
	EndGlobalSection
	GlobalSection(SolutionProperties) = preSolution
		HideSolutionNode = FALSE
	EndGlobalSection
	GlobalSection(ExtensibilityGlobals) = postSolution
		SolutionGuid = {4540B2F3-1A38-40D9-BD00-5F6C5753C8B4}
	EndGlobalSection
EndGlobal
